
Microsoft Visual Studio Solution File, Format Version 12.00
# Visual Studio 15
VisualStudioVersion = 15.0.27004.2009
MinimumVisualStudioVersion = 10.0.40219.1
Project("{FAE04EC0-301F-11D3-BF4B-00C04F79EFBC}") = "BinarySearch", "BinarySearch\BinarySearch.csproj", "{35CCC20D-7F17-4EBD-89AA-3A10EDD11373}"
EndProject
Project("{FAE04EC0-301F-11D3-BF4B-00C04F79EFBC}") = "SortAlgorithm", "SortAlgorithm\SortAlgorithm.csproj", "{AA72304E-0919-4304-A27A-29B0D6324CFC}"
EndProject
Global
	GlobalSection(SolutionConfigurationPlatforms) = preSolution
		Debug|Any CPU = Debug|Any CPU
		Release|Any CPU = Release|Any CPU
	EndGlobalSection
	GlobalSection(ProjectConfigurationPlatforms) = postSolution
		{35CCC20D-7F17-4EBD-89AA-3A10EDD11373}.Debug|Any CPU.ActiveCfg = Debug|Any CPU
		{35CCC20D-7F17-4EBD-89AA-3A10EDD11373}.Debug|Any CPU.Build.0 = Debug|Any CPU
		{35CCC20D-7F17-4EBD-89AA-3A10EDD11373}.Release|Any CPU.ActiveCfg = Release|Any CPU
		{35CCC20D-7F17-4EBD-89AA-3A10EDD11373}.Release|Any CPU.Build.0 = Release|Any CPU
		{AA72304E-0919-4304-A27A-29B0D6324CFC}.Debug|Any CPU.ActiveCfg = Debug|Any CPU
		{AA72304E-0919-4304-A27A-29B0D6324CFC}.Debug|Any CPU.Build.0 = Debug|Any CPU
		{AA72304E-0919-4304-A27A-29B0D6324CFC}.Release|Any CPU.ActiveCfg = Release|Any CPU
		{AA72304E-0919-4304-A27A-29B0D6324CFC}.Release|Any CPU.Build.0 = Release|Any CPU
	EndGlobalSection
	GlobalSection(SolutionProperties) = preSolution
		HideSolutionNode = FALSE
	EndGlobalSection
	GlobalSection(ExtensibilityGlobals) = postSolution
		SolutionGuid = {B35BE69A-EE3D-4A92-A0E4-D0502CBA008B}
	EndGlobalSection
EndGlobal
